
Microsoft Visual Studio Solution File, Format Version 12.00
# Visual Studio Version 16
VisualStudioVersion = 16.0.32929.386
MinimumVisualStudioVersion = 10.0.40219.1
Project("{FAE04EC0-301F-11D3-BF4B-00C04F79EFBC}") = "RailwaySystem", "RailwaySystem\RailwaySystem.csproj", "{D7AF6CAE-7B0A-4C29-95C3-C59775F6C30C}"
EndProject
Global
	GlobalSection(SolutionConfigurationPlatforms) = preSolution
		Debug|Any CPU = Debug|Any CPU
		Release|Any CPU = Release|Any CPU
	EndGlobalSection
	GlobalSection(ProjectConfigurationPlatforms) = postSolution
		{D7AF6CAE-7B0A-4C29-95C3-C59775F6C30C}.Debug|Any CPU.ActiveCfg = Debug|Any CPU
		{D7AF6CAE-7B0A-4C29-95C3-C59775F6C30C}.Debug|Any CPU.Build.0 = Debug|Any CPU
		{D7AF6CAE-7B0A-4C29-95C3-C59775F6C30C}.Release|Any CPU.ActiveCfg = Release|Any CPU
		{D7AF6CAE-7B0A-4C29-95C3-C59775F6C30C}.Release|Any CPU.Build.0 = Release|Any CPU
	EndGlobalSection
	GlobalSection(SolutionProperties) = preSolution
		HideSolutionNode = FALSE
	EndGlobalSection
	GlobalSection(ExtensibilityGlobals) = postSolution
		SolutionGuid = {0F6350D9-4A80-40CF-AE60-429D8E5DCE02}
	EndGlobalSection
EndGlobal
